// !$*UTF8*$!
{
	archiveVersion = 1;
	classes = {
	};
	objectVersion = 46;
	objects = {

/* Begin PBXBuildFile section */
		F42DF8A31BC4097700E56940 /* main.cpp in Sources */ = {isa = PBXBuildFile; fileRef = F42DF8A21BC4097700E56940 /* main.cpp */; };
		F42DF8AB1BC4099100E56940 /* btree.cpp in Sources */ = {isa = PBXBuildFile; fileRef = F42DF8A91BC4099100E56940 /* btree.cpp */; settings = {ASSET_TAGS = (); }; };
/* End PBXBuildFile section */

/* Begin PBXCopyFilesBuildPhase section */
		F42DF89D1BC4097700E56940 /* CopyFiles */ = {
			isa = PBXCopyFilesBuildPhase;
			buildActionMask = 2147483647;
			dstPath = /usr/share/man/man1/;
			dstSubfolderSpec = 0;
			files = (
			);
			runOnlyForDeploymentPostprocessing = 1;
		};
/* End PBXCopyFilesBuildPhase section */

/* Begin PBXFileReference section */
		F42DF89F1BC4097700E56940 /* AED_BinaryTree */ = {isa = PBXFileReference; explicitFileType = "compiled.mach-o.executable"; includeInIndex = 0; path = AED_BinaryTree; sourceTree = BUILT_PRODUCTS_DIR; };
		F42DF8A21BC4097700E56940 /* main.cpp */ = {isa = PBXFileReference; lastKnownFileType = sourcecode.cpp.cpp; path = main.cpp; sourceTree = "<group>"; };
		F42DF8A91BC4099100E56940 /* btree.cpp */ = {isa = PBXFileReference; fileEncoding = 4; lastKnownFileType = sourcecode.cpp.cpp; path = btree.cpp; sourceTree = "<group>"; };
		F42DF8AA1BC4099100E56940 /* btree.hpp */ = {isa = PBXFileReference; fileEncoding = 4; lastKnownFileType = sourcecode.cpp.h; path = btree.hpp; sourceTree = "<group>"; };
/* End PBXFileReference section */

/* Begin PBXFrameworksBuildPhase section */
		F42DF89C1BC4097700E56940 /* Frameworks */ = {
			isa = PBXFrameworksBuildPhase;
			buildActionMask = 2147483647;
			files = (
			);
			runOnlyForDeploymentPostprocessing = 0;
		};
/* End PBXFrameworksBuildPhase section */

/* Begin PBXGroup section */
		F42DF8961BC4097700E56940 = {
			isa = PBXGroup;
			children = (
				F42DF8A11BC4097700E56940 /* AED_BinaryTree */,
				F42DF8A01BC4097700E56940 /* Products */,
			);
			sourceTree = "<group>";
		};
		F42DF8A01BC4097700E56940 /* Products */ = {
			isa = PBXGroup;
			children = (
				F42DF89F1BC4097700E56940 /* AED_BinaryTree */,
			);
			name = Products;
			sourceTree = "<group>";
		};
		F42DF8A11BC4097700E56940 /* AED_BinaryTree */ = {
			isa = PBXGroup;
			children = (
				F42DF8A21BC4097700E56940 /* main.cpp */,
				F42DF8AA1BC4099100E56940 /* btree.hpp */,
				F42DF8A91BC4099100E56940 /* btree.cpp */,
			);
			path = AED_BinaryTree;
			sourceTree = "<group>";
		};
/* End PBXGroup section */

/* Begin PBXNativeTarget section */
		F42DF89E1BC4097700E56940 /* AED_BinaryTree */ = {
			isa = PBXNativeTarget;
			buildConfigurationList = F42DF8A61BC4097700E56940 /* Build configuration list for PBXNativeTarget "AED_BinaryTree" */;
			buildPhases = (
				F42DF89B1BC4097700E56940 /* Sources */,
				F42DF89C1BC4097700E56940 /* Frameworks */,
				F42DF89D1BC4097700E56940 /* CopyFiles */,
			);
			buildRules = (
			);
			dependencies = (
			);
			name = AED_BinaryTree;
			productName = AED_BinaryTree;
			productReference = F42DF89F1BC4097700E56940 /* AED_BinaryTree */;
			productType = "com.apple.product-type.tool";
		};
/* End PBXNativeTarget section */

/* Begin PBXProject section */
		F42DF8971BC4097700E56940 /* Project object */ = {
			isa = PBXProject;
			attributes = {
				LastUpgradeCheck = 0700;
				ORGANIZATIONNAME = "Alexander Arturo Baylon Ibanez";
				TargetAttributes = {
					F42DF89E1BC4097700E56940 = {
						CreatedOnToolsVersion = 7.0.1;
					};
				};
			};
			buildConfigurationList = F42DF89A1BC4097700E56940 /* Build configuration list for PBXProject "AED_BinaryTree" */;
			compatibilityVersion = "Xcode 3.2";
			developmentRegion = English;
			hasScannedForEncodings = 0;
			knownRegions = (
				en,
			);
			mainGroup = F42DF8961BC4097700E56940;
			productRefGroup = F42DF8A01BC4097700E56940 /* Products */;
			projectDirPath = "";
			projectRoot = "";
			targets = (
				F42DF89E1BC4097700E56940 /* AED_BinaryTree */,
			);
		};
/* End PBXProject section */

/* Begin PBXSourcesBuildPhase section */
		F42DF89B1BC4097700E56940 /* Sources */ = {
			isa = PBXSourcesBuildPhase;
			buildActionMask = 2147483647;
			files = (
				F42DF8AB1BC4099100E56940 /* btree.cpp in Sources */,
				F42DF8A31BC4097700E56940 /* main.cpp in Sources */,
			);
			runOnlyForDeploymentPostprocessing = 0;
		};
/* End PBXSourcesBuildPhase section */

/* Begin XCBuildConfiguration section */
		F42DF8A41BC4097700E56940 /* Debug */ = {
			isa = XCBuildConfiguration;
			buildSettings = {
				ALWAYS_SEARCH_USER_PATHS = NO;
				CLANG_CXX_LANGUAGE_STANDARD = "gnu++0x";
				CLANG_CXX_LIBRARY = "libc++";
				CLANG_ENABLE_MODULES = YES;
				CLANG_ENABLE_OBJC_ARC = YES;
				CLANG_WARN_BOOL_CONVERSION = YES;
				CLANG_WARN_CONSTANT_CONVERSION = YES;
				CLANG_WARN_DIRECT_OBJC_ISA_USAGE = YES_ERROR;
				CLANG_WARN_EMPTY_BODY = YES;
				CLANG_WARN_ENUM_CONVERSION = YES;
				CLANG_WARN_INT_CONVERSION = YES;
				CLANG_WARN_OBJC_ROOT_CLASS = YES_ERROR;
				CLANG_WARN_UNREACHABLE_CODE = YES;
				CLANG_WARN__DUPLICATE_METHOD_MATCH = YES;
				COPY_PHASE_STRIP = NO;
				DEBUG_INFORMATION_FORMAT = dwarf;
				ENABLE_STRICT_OBJC_MSGSEND = YES;
				ENABLE_TESTABILITY = YES;
				GCC_C_LANGUAGE_STANDARD = gnu99;
				GCC_DYNAMIC_NO_PIC = NO;
				GCC_NO_COMMON_BLOCKS = YES;
				GCC_OPTIMIZATION_LEVEL = 0;
				GCC_PREPROCESSOR_DEFINITIONS = (
					"DEBUG=1",
					"$(inherited)",
				);
				GCC_WARN_64_TO_32_BIT_CONVERSION = YES;
				GCC_WARN_ABOUT_RETURN_TYPE = YES_ERROR;
				GCC_WARN_UNDECLARED_SELECTOR = YES;
				GCC_WARN_UNINITIALIZED_AUTOS = YES_AGGRESSIVE;
				GCC_WARN_UNUSED_FUNCTION = YES;
				GCC_WARN_UNUSED_VARIABLE = YES;
				MACOSX_DEPLOYMENT_TARGET = 10.11;
				MTL_ENABLE_DEBUG_INFO = YES;
				ONLY_ACTIVE_ARCH = YES;
				SDKROOT = macosx;
			};
			name = Debug;
		};
		F42DF8A51BC4097700E56940 /* Release */ = {
			isa = XCBuildConfiguration;
			buildSettings = {
				ALWAYS_SEARCH_USER_PATHS = NO;
				CLANG_CXX_LANGUAGE_STANDARD = "gnu++0x";
				CLANG_CXX_LIBRARY = "libc++";
				CLANG_ENABLE_MODULES = YES;
				CLANG_ENABLE_OBJC_ARC = YES;
				CLANG_WARN_BOOL_CONVERSION = YES;
				CLANG_WARN_CONSTANT_CONVERSION = YES;
				CLANG_WARN_DIRECT_OBJC_ISA_USAGE = YES_ERROR;
				CLANG_WARN_EMPTY_BODY = YES;
				CLANG_WARN_ENUM_CONVERSION = YES;
				CLANG_WARN_INT_CONVERSION = YES;
				CLANG_WARN_OBJC_ROOT_CLASS = YES_ERROR;
				CLANG_WARN_UNREACHABLE_CODE = YES;
				CLANG_WARN__DUPLICATE_METHOD_MATCH = YES;
				COPY_PHASE_STRIP = NO;
				DEBUG_INFORMATION_FORMAT = "dwarf-with-dsym";
				ENABLE_NS_ASSERTIONS = NO;
				ENABLE_STRICT_OBJC_MSGSEND = YES;
				GCC_C_LANGUAGE_STANDARD = gnu99;
				GCC_NO_COMMON_BLOCKS = YES;
				GCC_WARN_64_TO_32_BIT_CONVERSION = YES;
				GCC_WARN_ABOUT_RETURN_TYPE = YES_ERROR;
				GCC_WARN_UNDECLARED_SELECTOR = YES;
				GCC_WARN_UNINITIALIZED_AUTOS = YES_AGGRESSIVE;
				GCC_WARN_UNUSED_FUNCTION = YES;
				GCC_WARN_UNUSED_VARIABLE = YES;
				MACOSX_DEPLOYMENT_TARGET = 10.11;
				MTL_ENABLE_DEBUG_INFO = NO;
				SDKROOT = macosx;
			};
			name = Release;
		};
		F42DF8A71BC4097700E56940 /* Debug */ = {
			isa = XCBuildConfiguration;
			buildSettings = {
				PRODUCT_NAME = "$(TARGET_NAME)";
			};
			name = Debug;
		};
		F42DF8A81BC4097700E56940 /* Release */ = {
			isa = XCBuildConfiguration;
			buildSettings = {
				PRODUCT_NAME = "$(TARGET_NAME)";
			};
			name = Release;
		};
/* End XCBuildConfiguration section */

/* Begin XCConfigurationList section */
		F42DF89A1BC4097700E56940 /* Build configuration list for PBXProject "AED_BinaryTree" */ = {
			isa = XCConfigurationList;
			buildConfigurations = (
				F42DF8A41BC4097700E56940 /* Debug */,
				F42DF8A51BC4097700E56940 /* Release */,
			);
			defaultConfigurationIsVisible = 0;
			defaultConfigurationName = Release;
		};
		F42DF8A61BC4097700E56940 /* Build configuration list for PBXNativeTarget "AED_BinaryTree" */ = {
			isa = XCConfigurationList;
			buildConfigurations = (
				F42DF8A71BC4097700E56940 /* Debug */,
				F42DF8A81BC4097700E56940 /* Release */,
			);
			defaultConfigurationIsVisible = 0;
		};
/* End XCConfigurationList section */
	};
	rootObject = F42DF8971BC4097700E56940 /* Project object */;
}
